{
	"name": "mytaroapp2",
	"version": "1.0.0",
	"lockfileVersion": 1,
	"requires": true,
	"dependencies": {
		"pako": {
			"version": "1.0.7",
			"resolved": "https://registry.npmjs.org/pako/-/pako-1.0.7.tgz",
			"integrity": "sha512-3HNK5tW4x8o5mO8RuHZp3Ydw9icZXx0RANAOMzlMzx7LVXhMJ4mo3MOBpzyd7r/+RUu8BmndP47LXT+vzjtWcQ=="
		},
		"upng-js": {
			"version": "2.1.0",
			"resolved": "https://registry.npmjs.org/upng-js/-/upng-js-2.1.0.tgz",
			"integrity": "sha512-d3xzZzpMP64YkjP5pr8gNyvBt7dLk/uGI67EctzDuVp4lCZyVMo0aJO6l/VDlgbInJYDY6cnClLoBp29eKWI6g==",
			"requires": {
				"pako": "1.0.7"
			}
		}
	}
}
